
Microsoft Visual Studio Solution File, Format Version 12.00
# Visual Studio 15
Project("{FAE04EC0-301F-11D3-BF4B-00C04F79EFBC}") = "ARena-development", "ARena-development.csproj", "{39B960FA-D91C-735C-6AC4-477AA89E8635}"
EndProject
Global
	GlobalSection(SolutionConfigurationPlatforms) = preSolution
		Debug|Any CPU = Debug|Any CPU
		Release|Any CPU = Release|Any CPU
	EndGlobalSection
	GlobalSection(ProjectConfigurationPlatforms) = postSolution
		{39B960FA-D91C-735C-6AC4-477AA89E8635}.Debug|Any CPU.ActiveCfg = Debug|Any CPU
		{39B960FA-D91C-735C-6AC4-477AA89E8635}.Debug|Any CPU.Build.0 = Debug|Any CPU
		{39B960FA-D91C-735C-6AC4-477AA89E8635}.Release|Any CPU.ActiveCfg = Release|Any CPU
		{39B960FA-D91C-735C-6AC4-477AA89E8635}.Release|Any CPU.Build.0 = Release|Any CPU
	EndGlobalSection
	GlobalSection(SolutionProperties) = preSolution
		HideSolutionNode = FALSE
	EndGlobalSection
EndGlobal
